// !$*UTF8*$!
{
	archiveVersion = 1;
	classes = {
	};
	objectVersion = 50;
	objects = {

/* Begin PBXBuildFile section */
		0FB4A76323E486EE00D40FFA /* AppDelegate.m in Sources */ = {isa = PBXBuildFile; fileRef = 0FB4A76223E486EE00D40FFA /* AppDelegate.m */; };
		0FB4A76623E486EE00D40FFA /* SceneDelegate.m in Sources */ = {isa = PBXBuildFile; fileRef = 0FB4A76523E486EE00D40FFA /* SceneDelegate.m */; };
		0FB4A76C23E486EE00D40FFA /* Main.storyboard in Resources */ = {isa = PBXBuildFile; fileRef = 0FB4A76A23E486EE00D40FFA /* Main.storyboard */; };
		0FB4A76E23E486F200D40FFA /* Assets.xcassets in Resources */ = {isa = PBXBuildFile; fileRef = 0FB4A76D23E486F200D40FFA /* Assets.xcassets */; };
		0FB4A77123E486F200D40FFA /* LaunchScreen.storyboard in Resources */ = {isa = PBXBuildFile; fileRef = 0FB4A76F23E486F200D40FFA /* LaunchScreen.storyboard */; };
		0FB4A77423E486F200D40FFA /* main.m in Sources */ = {isa = PBXBuildFile; fileRef = 0FB4A77323E486F200D40FFA /* main.m */; };
		0FB4A77C23E487DB00D40FFA /* AuthKeys.plist in Resources */ = {isa = PBXBuildFile; fileRef = 0FB4A77B23E487DB00D40FFA /* AuthKeys.plist */; };
		0FB4A78323E48BD600D40FFA /* Movie.m in Sources */ = {isa = PBXBuildFile; fileRef = 0FB4A78223E48BD600D40FFA /* Movie.m */; };
		0FB4A78623E48F9A00D40FFA /* MovieController.m in Sources */ = {isa = PBXBuildFile; fileRef = 0FB4A78523E48F9A00D40FFA /* MovieController.m */; };
		0FB4A78B23E4957100D40FFA /* MovieSearchTableViewController.swift in Sources */ = {isa = PBXBuildFile; fileRef = 0FB4A78A23E4957100D40FFA /* MovieSearchTableViewController.swift */; };
		0FB4A78E23E49FFB00D40FFA /* MovieTableViewCell.swift in Sources */ = {isa = PBXBuildFile; fileRef = 0FB4A78D23E49FFB00D40FFA /* MovieTableViewCell.swift */; };
		0FB4A79023E4B0F300D40FFA /* MovieDetailViewController.swift in Sources */ = {isa = PBXBuildFile; fileRef = 0FB4A78F23E4B0F300D40FFA /* MovieDetailViewController.swift */; };
/* End PBXBuildFile section */

/* Begin PBXFileReference section */
		0FB4A75E23E486EE00D40FFA /* mySimpleMovieSearchObjC.app */ = {isa = PBXFileReference; explicitFileType = wrapper.application; includeInIndex = 0; path = mySimpleMovieSearchObjC.app; sourceTree = BUILT_PRODUCTS_DIR; };
		0FB4A76123E486EE00D40FFA /* AppDelegate.h */ = {isa = PBXFileReference; lastKnownFileType = sourcecode.c.h; path = AppDelegate.h; sourceTree = "<group>"; };
		0FB4A76223E486EE00D40FFA /* AppDelegate.m */ = {isa = PBXFileReference; lastKnownFileType = sourcecode.c.objc; path = AppDelegate.m; sourceTree = "<group>"; };
		0FB4A76423E486EE00D40FFA /* SceneDelegate.h */ = {isa = PBXFileReference; lastKnownFileType = sourcecode.c.h; path = SceneDelegate.h; sourceTree = "<group>"; };
		0FB4A76523E486EE00D40FFA /* SceneDelegate.m */ = {isa = PBXFileReference; lastKnownFileType = sourcecode.c.objc; path = SceneDelegate.m; sourceTree = "<group>"; };
		0FB4A76B23E486EE00D40FFA /* Base */ = {isa = PBXFileReference; lastKnownFileType = file.storyboard; name = Base; path = Base.lproj/Main.storyboard; sourceTree = "<group>"; };
		0FB4A76D23E486F200D40FFA /* Assets.xcassets */ = {isa = PBXFileReference; lastKnownFileType = folder.assetcatalog; path = Assets.xcassets; sourceTree = "<group>"; };
		0FB4A77023E486F200D40FFA /* Base */ = {isa = PBXFileReference; lastKnownFileType = file.storyboard; name = Base; path = Base.lproj/LaunchScreen.storyboard; sourceTree = "<group>"; };
		0FB4A77223E486F200D40FFA /* Info.plist */ = {isa = PBXFileReference; lastKnownFileType = text.plist.xml; path = Info.plist; sourceTree = "<group>"; };
		0FB4A77323E486F200D40FFA /* main.m */ = {isa = PBXFileReference; lastKnownFileType = sourcecode.c.objc; path = main.m; sourceTree = "<group>"; };
		0FB4A77B23E487DB00D40FFA /* AuthKeys.plist */ = {isa = PBXFileReference; lastKnownFileType = text.plist.xml; path = AuthKeys.plist; sourceTree = "<group>"; };
		0FB4A78123E48BD600D40FFA /* Movie.h */ = {isa = PBXFileReference; lastKnownFileType = sourcecode.c.h; path = Movie.h; sourceTree = "<group>"; };
		0FB4A78223E48BD600D40FFA /* Movie.m */ = {isa = PBXFileReference; lastKnownFileType = sourcecode.c.objc; path = Movie.m; sourceTree = "<group>"; };
		0FB4A78423E48F9A00D40FFA /* MovieController.h */ = {isa = PBXFileReference; lastKnownFileType = sourcecode.c.h; path = MovieController.h; sourceTree = "<group>"; };
		0FB4A78523E48F9A00D40FFA /* MovieController.m */ = {isa = PBXFileReference; lastKnownFileType = sourcecode.c.objc; path = MovieController.m; sourceTree = "<group>"; };
		0FB4A78923E4957100D40FFA /* mySimpleMovieSearchObjC-Bridging-Header.h */ = {isa = PBXFileReference; lastKnownFileType = sourcecode.c.h; path = "mySimpleMovieSearchObjC-Bridging-Header.h"; sourceTree = "<group>"; };
		0FB4A78A23E4957100D40FFA /* MovieSearchTableViewController.swift */ = {isa = PBXFileReference; lastKnownFileType = sourcecode.swift; path = MovieSearchTableViewController.swift; sourceTree = "<group>"; };
		0FB4A78D23E49FFB00D40FFA /* MovieTableViewCell.swift */ = {isa = PBXFileReference; lastKnownFileType = sourcecode.swift; path = MovieTableViewCell.swift; sourceTree = "<group>"; };
		0FB4A78F23E4B0F300D40FFA /* MovieDetailViewController.swift */ = {isa = PBXFileReference; lastKnownFileType = sourcecode.swift; path = MovieDetailViewController.swift; sourceTree = "<group>"; };
/* End PBXFileReference section */

/* Begin PBXFrameworksBuildPhase section */
		0FB4A75B23E486EE00D40FFA /* Frameworks */ = {
			isa = PBXFrameworksBuildPhase;
			buildActionMask = 2147483647;
			files = (
			);
			runOnlyForDeploymentPostprocessing = 0;
		};
/* End PBXFrameworksBuildPhase section */

/* Begin PBXGroup section */
		0FB4A75523E486EE00D40FFA = {
			isa = PBXGroup;
			children = (
				0FB4A76023E486EE00D40FFA /* mySimpleMovieSearchObjC */,
				0FB4A75F23E486EE00D40FFA /* Products */,
			);
			sourceTree = "<group>";
		};
		0FB4A75F23E486EE00D40FFA /* Products */ = {
			isa = PBXGroup;
			children = (
				0FB4A75E23E486EE00D40FFA /* mySimpleMovieSearchObjC.app */,
			);
			name = Products;
			sourceTree = "<group>";
		};
		0FB4A76023E486EE00D40FFA /* mySimpleMovieSearchObjC */ = {
			isa = PBXGroup;
			children = (
				0FB4A78C23E4957800D40FFA /* ViewControllers */,
				0FB4A78023E48B8A00D40FFA /* Models */,
				0FB4A78723E4948B00D40FFA /* ModelControllers */,
				0FB4A78823E4949600D40FFA /* Storyboards */,
				0FB4A77A23E4870400D40FFA /* Resources */,
			);
			path = mySimpleMovieSearchObjC;
			sourceTree = "<group>";
		};
		0FB4A77A23E4870400D40FFA /* Resources */ = {
			isa = PBXGroup;
			children = (
				0FB4A76123E486EE00D40FFA /* AppDelegate.h */,
				0FB4A76223E486EE00D40FFA /* AppDelegate.m */,
				0FB4A76423E486EE00D40FFA /* SceneDelegate.h */,
				0FB4A76523E486EE00D40FFA /* SceneDelegate.m */,
				0FB4A76D23E486F200D40FFA /* Assets.xcassets */,
				0FB4A76F23E486F200D40FFA /* LaunchScreen.storyboard */,
				0FB4A77223E486F200D40FFA /* Info.plist */,
				0FB4A77323E486F200D40FFA /* main.m */,
				0FB4A77B23E487DB00D40FFA /* AuthKeys.plist */,
			);
			path = Resources;
			sourceTree = "<group>";
		};
		0FB4A78023E48B8A00D40FFA /* Models */ = {
			isa = PBXGroup;
			children = (
				0FB4A78123E48BD600D40FFA /* Movie.h */,
				0FB4A78223E48BD600D40FFA /* Movie.m */,
			);
			path = Models;
			sourceTree = "<group>";
		};
		0FB4A78723E4948B00D40FFA /* ModelControllers */ = {
			isa = PBXGroup;
			children = (
				0FB4A78423E48F9A00D40FFA /* MovieController.h */,
				0FB4A78523E48F9A00D40FFA /* MovieController.m */,
			);
			path = ModelControllers;
			sourceTree = "<group>";
		};
		0FB4A78823E4949600D40FFA /* Storyboards */ = {
			isa = PBXGroup;
			children = (
				0FB4A76A23E486EE00D40FFA /* Main.storyboard */,
			);
			path = Storyboards;
			sourceTree = "<group>";
		};
		0FB4A78C23E4957800D40FFA /* ViewControllers */ = {
			isa = PBXGroup;
			children = (
				0FB4A78923E4957100D40FFA /* mySimpleMovieSearchObjC-Bridging-Header.h */,
				0FB4A78A23E4957100D40FFA /* MovieSearchTableViewController.swift */,
				0FB4A78D23E49FFB00D40FFA /* MovieTableViewCell.swift */,
				0FB4A78F23E4B0F300D40FFA /* MovieDetailViewController.swift */,
			);
			path = ViewControllers;
			sourceTree = "<group>";
		};
/* End PBXGroup section */

/* Begin PBXNativeTarget section */
		0FB4A75D23E486EE00D40FFA /* mySimpleMovieSearchObjC */ = {
			isa = PBXNativeTarget;
			buildConfigurationList = 0FB4A77723E486F200D40FFA /* Build configuration list for PBXNativeTarget "mySimpleMovieSearchObjC" */;
			buildPhases = (
				0FB4A75A23E486EE00D40FFA /* Sources */,
				0FB4A75B23E486EE00D40FFA /* Frameworks */,
				0FB4A75C23E486EE00D40FFA /* Resources */,
			);
			buildRules = (
			);
			dependencies = (
			);
			name = mySimpleMovieSearchObjC;
			productName = mySimpleMovieSearchObjC;
			productReference = 0FB4A75E23E486EE00D40FFA /* mySimpleMovieSearchObjC.app */;
			productType = "com.apple.product-type.application";
		};
/* End PBXNativeTarget section */

/* Begin PBXProject section */
		0FB4A75623E486EE00D40FFA /* Project object */ = {
			isa = PBXProject;
			attributes = {
				LastUpgradeCheck = 1130;
				ORGANIZATIONNAME = Uzo;
				TargetAttributes = {
					0FB4A75D23E486EE00D40FFA = {
						CreatedOnToolsVersion = 11.3.1;
						LastSwiftMigration = 1130;
					};
				};
			};
			buildConfigurationList = 0FB4A75923E486EE00D40FFA /* Build configuration list for PBXProject "mySimpleMovieSearchObjC" */;
			compatibilityVersion = "Xcode 9.3";
			developmentRegion = en;
			hasScannedForEncodings = 0;
			knownRegions = (
				en,
				Base,
			);
			mainGroup = 0FB4A75523E486EE00D40FFA;
			productRefGroup = 0FB4A75F23E486EE00D40FFA /* Products */;
			projectDirPath = "";
			projectRoot = "";
			targets = (
				0FB4A75D23E486EE00D40FFA /* mySimpleMovieSearchObjC */,
			);
		};
/* End PBXProject section */

/* Begin PBXResourcesBuildPhase section */
		0FB4A75C23E486EE00D40FFA /* Resources */ = {
			isa = PBXResourcesBuildPhase;
			buildActionMask = 2147483647;
			files = (
				0FB4A77123E486F200D40FFA /* LaunchScreen.storyboard in Resources */,
				0FB4A76E23E486F200D40FFA /* Assets.xcassets in Resources */,
				0FB4A77C23E487DB00D40FFA /* AuthKeys.plist in Resources */,
				0FB4A76C23E486EE00D40FFA /* Main.storyboard in Resources */,
			);
			runOnlyForDeploymentPostprocessing = 0;
		};
/* End PBXResourcesBuildPhase section */

/* Begin PBXSourcesBuildPhase section */
		0FB4A75A23E486EE00D40FFA /* Sources */ = {
			isa = PBXSourcesBuildPhase;
			buildActionMask = 2147483647;
			files = (
				0FB4A78B23E4957100D40FFA /* MovieSearchTableViewController.swift in Sources */,
				0FB4A78623E48F9A00D40FFA /* MovieController.m in Sources */,
				0FB4A78E23E49FFB00D40FFA /* MovieTableViewCell.swift in Sources */,
				0FB4A76323E486EE00D40FFA /* AppDelegate.m in Sources */,
				0FB4A79023E4B0F300D40FFA /* MovieDetailViewController.swift in Sources */,
				0FB4A77423E486F200D40FFA /* main.m in Sources */,
				0FB4A78323E48BD600D40FFA /* Movie.m in Sources */,
				0FB4A76623E486EE00D40FFA /* SceneDelegate.m in Sources */,
			);
			runOnlyForDeploymentPostprocessing = 0;
		};
/* End PBXSourcesBuildPhase section */

/* Begin PBXVariantGroup section */
		0FB4A76A23E486EE00D40FFA /* Main.storyboard */ = {
			isa = PBXVariantGroup;
			children = (
				0FB4A76B23E486EE00D40FFA /* Base */,
			);
			name = Main.storyboard;
			sourceTree = "<group>";
		};
		0FB4A76F23E486F200D40FFA /* LaunchScreen.storyboard */ = {
			isa = PBXVariantGroup;
			children = (
				0FB4A77023E486F200D40FFA /* Base */,
			);
			name = LaunchScreen.storyboard;
			sourceTree = "<group>";
		};
/* End PBXVariantGroup section */

/* Begin XCBuildConfiguration section */
		0FB4A77523E486F200D40FFA /* Debug */ = {
			isa = XCBuildConfiguration;
			buildSettings = {
				ALWAYS_SEARCH_USER_PATHS = NO;
				CLANG_ANALYZER_NONNULL = YES;
				CLANG_ANALYZER_NUMBER_OBJECT_CONVERSION = YES_AGGRESSIVE;
				CLANG_CXX_LANGUAGE_STANDARD = "gnu++14";
				CLANG_CXX_LIBRARY = "libc++";
				CLANG_ENABLE_MODULES = YES;
				CLANG_ENABLE_OBJC_ARC = YES;
				CLANG_ENABLE_OBJC_WEAK = YES;
				CLANG_WARN_BLOCK_CAPTURE_AUTORELEASING = YES;
				CLANG_WARN_BOOL_CONVERSION = YES;
				CLANG_WARN_COMMA = YES;
				CLANG_WARN_CONSTANT_CONVERSION = YES;
				CLANG_WARN_DEPRECATED_OBJC_IMPLEMENTATIONS = YES;
				CLANG_WARN_DIRECT_OBJC_ISA_USAGE = YES_ERROR;
				CLANG_WARN_DOCUMENTATION_COMMENTS = YES;
				CLANG_WARN_EMPTY_BODY = YES;
				CLANG_WARN_ENUM_CONVERSION = YES;
				CLANG_WARN_INFINITE_RECURSION = YES;
				CLANG_WARN_INT_CONVERSION = YES;
				CLANG_WARN_NON_LITERAL_NULL_CONVERSION = YES;
				CLANG_WARN_OBJC_IMPLICIT_RETAIN_SELF = YES;
				CLANG_WARN_OBJC_LITERAL_CONVERSION = YES;
				CLANG_WARN_OBJC_ROOT_CLASS = YES_ERROR;
				CLANG_WARN_RANGE_LOOP_ANALYSIS = YES;
				CLANG_WARN_STRICT_PROTOTYPES = YES;
				CLANG_WARN_SUSPICIOUS_MOVE = YES;
				CLANG_WARN_UNGUARDED_AVAILABILITY = YES_AGGRESSIVE;
				CLANG_WARN_UNREACHABLE_CODE = YES;
				CLANG_WARN__DUPLICATE_METHOD_MATCH = YES;
				COPY_PHASE_STRIP = NO;
				DEBUG_INFORMATION_FORMAT = dwarf;
				ENABLE_STRICT_OBJC_MSGSEND = YES;
				ENABLE_TESTABILITY = YES;
				GCC_C_LANGUAGE_STANDARD = gnu11;
				GCC_DYNAMIC_NO_PIC = NO;
				GCC_NO_COMMON_BLOCKS = YES;
				GCC_OPTIMIZATION_LEVEL = 0;
				GCC_PREPROCESSOR_DEFINITIONS = (
					"DEBUG=1",
					"$(inherited)",
				);
				GCC_WARN_64_TO_32_BIT_CONVERSION = YES;
				GCC_WARN_ABOUT_RETURN_TYPE = YES_ERROR;
				GCC_WARN_UNDECLARED_SELECTOR = YES;
				GCC_WARN_UNINITIALIZED_AUTOS = YES_AGGRESSIVE;
				GCC_WARN_UNUSED_FUNCTION = YES;
				GCC_WARN_UNUSED_VARIABLE = YES;
				IPHONEOS_DEPLOYMENT_TARGET = 13.2;
				MTL_ENABLE_DEBUG_INFO = INCLUDE_SOURCE;
				MTL_FAST_MATH = YES;
				ONLY_ACTIVE_ARCH = YES;
				SDKROOT = iphoneos;
			};
			name = Debug;
		};
		0FB4A77623E486F200D40FFA /* Release */ = {
			isa = XCBuildConfiguration;
			buildSettings = {
				ALWAYS_SEARCH_USER_PATHS = NO;
				CLANG_ANALYZER_NONNULL = YES;
				CLANG_ANALYZER_NUMBER_OBJECT_CONVERSION = YES_AGGRESSIVE;
				CLANG_CXX_LANGUAGE_STANDARD = "gnu++14";
				CLANG_CXX_LIBRARY = "libc++";
				CLANG_ENABLE_MODULES = YES;
				CLANG_ENABLE_OBJC_ARC = YES;
				CLANG_ENABLE_OBJC_WEAK = YES;
				CLANG_WARN_BLOCK_CAPTURE_AUTORELEASING = YES;
				CLANG_WARN_BOOL_CONVERSION = YES;
				CLANG_WARN_COMMA = YES;
				CLANG_WARN_CONSTANT_CONVERSION = YES;
				CLANG_WARN_DEPRECATED_OBJC_IMPLEMENTATIONS = YES;
				CLANG_WARN_DIRECT_OBJC_ISA_USAGE = YES_ERROR;
				CLANG_WARN_DOCUMENTATION_COMMENTS = YES;
				CLANG_WARN_EMPTY_BODY = YES;
				CLANG_WARN_ENUM_CONVERSION = YES;
				CLANG_WARN_INFINITE_RECURSION = YES;
				CLANG_WARN_INT_CONVERSION = YES;
				CLANG_WARN_NON_LITERAL_NULL_CONVERSION = YES;
				CLANG_WARN_OBJC_IMPLICIT_RETAIN_SELF = YES;
				CLANG_WARN_OBJC_LITERAL_CONVERSION = YES;
				CLANG_WARN_OBJC_ROOT_CLASS = YES_ERROR;
				CLANG_WARN_RANGE_LOOP_ANALYSIS = YES;
				CLANG_WARN_STRICT_PROTOTYPES = YES;
				CLANG_WARN_SUSPICIOUS_MOVE = YES;
				CLANG_WARN_UNGUARDED_AVAILABILITY = YES_AGGRESSIVE;
				CLANG_WARN_UNREACHABLE_CODE = YES;
				CLANG_WARN__DUPLICATE_METHOD_MATCH = YES;
				COPY_PHASE_STRIP = NO;
				DEBUG_INFORMATION_FORMAT = "dwarf-with-dsym";
				ENABLE_NS_ASSERTIONS = NO;
				ENABLE_STRICT_OBJC_MSGSEND = YES;
				GCC_C_LANGUAGE_STANDARD = gnu11;
				GCC_NO_COMMON_BLOCKS = YES;
				GCC_WARN_64_TO_32_BIT_CONVERSION = YES;
				GCC_WARN_ABOUT_RETURN_TYPE = YES_ERROR;
				GCC_WARN_UNDECLARED_SELECTOR = YES;
				GCC_WARN_UNINITIALIZED_AUTOS = YES_AGGRESSIVE;
				GCC_WARN_UNUSED_FUNCTION = YES;
				GCC_WARN_UNUSED_VARIABLE = YES;
				IPHONEOS_DEPLOYMENT_TARGET = 13.2;
				MTL_ENABLE_DEBUG_INFO = NO;
				MTL_FAST_MATH = YES;
				SDKROOT = iphoneos;
				VALIDATE_PRODUCT = YES;
			};
			name = Release;
		};
		0FB4A77823E486F200D40FFA /* Debug */ = {
			isa = XCBuildConfiguration;
			buildSettings = {
				ASSETCATALOG_COMPILER_APPICON_NAME = AppIcon;
				CLANG_ENABLE_MODULES = YES;
				CODE_SIGN_STYLE = Automatic;
				INFOPLIST_FILE = mySimpleMovieSearchObjC/Resources/Info.plist;
				LD_RUNPATH_SEARCH_PATHS = (
					"$(inherited)",
					"@executable_path/Frameworks",
				);
				PRODUCT_BUNDLE_IDENTIFIER = Uzo.mySimpleMovieSearchObjC;
				PRODUCT_NAME = "$(TARGET_NAME)";
				SWIFT_OBJC_BRIDGING_HEADER = "mySimpleMovieSearchObjC/ViewControllers/mySimpleMovieSearchObjC-Bridging-Header.h";
				SWIFT_OPTIMIZATION_LEVEL = "-Onone";
				SWIFT_VERSION = 5.0;
				TARGETED_DEVICE_FAMILY = "1,2";
			};
			name = Debug;
		};
		0FB4A77923E486F200D40FFA /* Release */ = {
			isa = XCBuildConfiguration;
			buildSettings = {
				ASSETCATALOG_COMPILER_APPICON_NAME = AppIcon;
				CLANG_ENABLE_MODULES = YES;
				CODE_SIGN_STYLE = Automatic;
				INFOPLIST_FILE = mySimpleMovieSearchObjC/Resources/Info.plist;
				LD_RUNPATH_SEARCH_PATHS = (
					"$(inherited)",
					"@executable_path/Frameworks",
				);
				PRODUCT_BUNDLE_IDENTIFIER = Uzo.mySimpleMovieSearchObjC;
				PRODUCT_NAME = "$(TARGET_NAME)";
				SWIFT_OBJC_BRIDGING_HEADER = "mySimpleMovieSearchObjC/ViewControllers/mySimpleMovieSearchObjC-Bridging-Header.h";
				SWIFT_VERSION = 5.0;
				TARGETED_DEVICE_FAMILY = "1,2";
			};
			name = Release;
		};
/* End XCBuildConfiguration section */

/* Begin XCConfigurationList section */
		0FB4A75923E486EE00D40FFA /* Build configuration list for PBXProject "mySimpleMovieSearchObjC" */ = {
			isa = XCConfigurationList;
			buildConfigurations = (
				0FB4A77523E486F200D40FFA /* Debug */,
				0FB4A77623E486F200D40FFA /* Release */,
			);
			defaultConfigurationIsVisible = 0;
			defaultConfigurationName = Release;
		};
		0FB4A77723E486F200D40FFA /* Build configuration list for PBXNativeTarget "mySimpleMovieSearchObjC" */ = {
			isa = XCConfigurationList;
			buildConfigurations = (
				0FB4A77823E486F200D40FFA /* Debug */,
				0FB4A77923E486F200D40FFA /* Release */,
			);
			defaultConfigurationIsVisible = 0;
			defaultConfigurationName = Release;
		};
/* End XCConfigurationList section */
	};
	rootObject = 0FB4A75623E486EE00D40FFA /* Project object */;
}
